
Microsoft Visual Studio Solution File, Format Version 12.00
# Visual Studio Version 16
VisualStudioVersion = 16.0.29709.97
MinimumVisualStudioVersion = 10.0.40219.1
Project("{FAE04EC0-301F-11D3-BF4B-00C04F79EFBC}") = "1st-Program.Test", "1st-Program.Test\1st-Program.Test.csproj", "{FAE45173-2270-4072-B0B8-B6BF7DDE8CD6}"
EndProject
Project("{FAE04EC0-301F-11D3-BF4B-00C04F79EFBC}") = "1st-Program.Test1", "1st-Program.Test1\1st-Program.Test1.csproj", "{16B40E95-2E29-4F20-A48E-446044085299}"
EndProject
Global
	GlobalSection(SolutionConfigurationPlatforms) = preSolution
		Debug|Any CPU = Debug|Any CPU
		Release|Any CPU = Release|Any CPU
	EndGlobalSection
	GlobalSection(ProjectConfigurationPlatforms) = postSolution
		{FAE45173-2270-4072-B0B8-B6BF7DDE8CD6}.Debug|Any CPU.ActiveCfg = Debug|Any CPU
		{FAE45173-2270-4072-B0B8-B6BF7DDE8CD6}.Debug|Any CPU.Build.0 = Debug|Any CPU
		{FAE45173-2270-4072-B0B8-B6BF7DDE8CD6}.Release|Any CPU.ActiveCfg = Release|Any CPU
		{FAE45173-2270-4072-B0B8-B6BF7DDE8CD6}.Release|Any CPU.Build.0 = Release|Any CPU
		{16B40E95-2E29-4F20-A48E-446044085299}.Debug|Any CPU.ActiveCfg = Debug|Any CPU
		{16B40E95-2E29-4F20-A48E-446044085299}.Debug|Any CPU.Build.0 = Debug|Any CPU
		{16B40E95-2E29-4F20-A48E-446044085299}.Release|Any CPU.ActiveCfg = Release|Any CPU
		{16B40E95-2E29-4F20-A48E-446044085299}.Release|Any CPU.Build.0 = Release|Any CPU
	EndGlobalSection
	GlobalSection(SolutionProperties) = preSolution
		HideSolutionNode = FALSE
	EndGlobalSection
	GlobalSection(ExtensibilityGlobals) = postSolution
		SolutionGuid = {01EAD3C4-7C41-4E47-895D-43B0A46B7FCC}
	EndGlobalSection
EndGlobal
